
Microsoft Visual Studio Solution File, Format Version 12.00
# Visual Studio Version 17
VisualStudioVersion = 17.2.32616.157
MinimumVisualStudioVersion = 10.0.40219.1
Project("{9A19103F-16F7-4668-BE54-9A1E7A4F7556}") = "ArmenianChairDogsitting.API", "ArmenianChairDogsitting.API\ArmenianChairDogsitting.API.csproj", "{7706D181-EE2E-47E7-BAFA-0CFDA1FE8C2A}"
EndProject
Project("{9A19103F-16F7-4668-BE54-9A1E7A4F7556}") = "ArmenianChairDogsitting.Data", "ArmenianChairDogsitting.Data\ArmenianChairDogsitting.Data.csproj", "{A3DBEC07-E530-493D-8B90-5A014565BC47}"
EndProject
Project("{9A19103F-16F7-4668-BE54-9A1E7A4F7556}") = "ArmenianChairDogsitting.Business", "ArmenianChairDogsitting.Business\ArmenianChairDogsitting.Business.csproj", "{DB63A9F4-C8B8-4366-9C38-3CBEE5B8064F}"
EndProject
Project("{9A19103F-16F7-4668-BE54-9A1E7A4F7556}") = "ArmenianChairDogsitting.Data.Tests", "ArmenianChairDogsitting.Data.Tests\ArmenianChairDogsitting.Data.Tests.csproj", "{64EEFBB0-288A-4107-BA7E-E3210372C0C1}"
EndProject
Project("{9A19103F-16F7-4668-BE54-9A1E7A4F7556}") = "ArmenianChairDogSitting.Business.Tests", "ArmenianChairDogSitting.Tests\ArmenianChairDogSitting.Business.Tests.csproj", "{DD1CA669-3DE2-476B-8A9C-3C265D4C8D73}"
EndProject
Project("{FAE04EC0-301F-11D3-BF4B-00C04F79EFBC}") = "ArmenianChairDogsitting.API.Tests", "ArmenianChairDogsitting.API.Tests\ArmenianChairDogsitting.API.Tests.csproj", "{6CBC1424-32FB-4252-BC12-FE63D1955FF9}"
EndProject
Global
	GlobalSection(SolutionConfigurationPlatforms) = preSolution
		Debug|Any CPU = Debug|Any CPU
		Release|Any CPU = Release|Any CPU
	EndGlobalSection
	GlobalSection(ProjectConfigurationPlatforms) = postSolution
		{7706D181-EE2E-47E7-BAFA-0CFDA1FE8C2A}.Debug|Any CPU.ActiveCfg = Debug|Any CPU
		{7706D181-EE2E-47E7-BAFA-0CFDA1FE8C2A}.Debug|Any CPU.Build.0 = Debug|Any CPU
		{7706D181-EE2E-47E7-BAFA-0CFDA1FE8C2A}.Release|Any CPU.ActiveCfg = Release|Any CPU
		{7706D181-EE2E-47E7-BAFA-0CFDA1FE8C2A}.Release|Any CPU.Build.0 = Release|Any CPU
		{A3DBEC07-E530-493D-8B90-5A014565BC47}.Debug|Any CPU.ActiveCfg = Debug|Any CPU
		{A3DBEC07-E530-493D-8B90-5A014565BC47}.Debug|Any CPU.Build.0 = Debug|Any CPU
		{A3DBEC07-E530-493D-8B90-5A014565BC47}.Release|Any CPU.ActiveCfg = Release|Any CPU
		{A3DBEC07-E530-493D-8B90-5A014565BC47}.Release|Any CPU.Build.0 = Release|Any CPU
		{DB63A9F4-C8B8-4366-9C38-3CBEE5B8064F}.Debug|Any CPU.ActiveCfg = Debug|Any CPU
		{DB63A9F4-C8B8-4366-9C38-3CBEE5B8064F}.Debug|Any CPU.Build.0 = Debug|Any CPU
		{DB63A9F4-C8B8-4366-9C38-3CBEE5B8064F}.Release|Any CPU.ActiveCfg = Release|Any CPU
		{DB63A9F4-C8B8-4366-9C38-3CBEE5B8064F}.Release|Any CPU.Build.0 = Release|Any CPU
		{DD1CA669-3DE2-476B-8A9C-3C265D4C8D73}.Debug|Any CPU.ActiveCfg = Debug|Any CPU
		{DD1CA669-3DE2-476B-8A9C-3C265D4C8D73}.Debug|Any CPU.Build.0 = Debug|Any CPU
		{DD1CA669-3DE2-476B-8A9C-3C265D4C8D73}.Release|Any CPU.ActiveCfg = Release|Any CPU
		{DD1CA669-3DE2-476B-8A9C-3C265D4C8D73}.Release|Any CPU.Build.0 = Release|Any CPU
		{6CBC1424-32FB-4252-BC12-FE63D1955FF9}.Debug|Any CPU.ActiveCfg = Debug|Any CPU
		{6CBC1424-32FB-4252-BC12-FE63D1955FF9}.Debug|Any CPU.Build.0 = Debug|Any CPU
		{6CBC1424-32FB-4252-BC12-FE63D1955FF9}.Release|Any CPU.ActiveCfg = Release|Any CPU
		{6CBC1424-32FB-4252-BC12-FE63D1955FF9}.Release|Any CPU.Build.0 = Release|Any CPU
		{64EEFBB0-288A-4107-BA7E-E3210372C0C1}.Debug|Any CPU.ActiveCfg = Debug|Any CPU
		{64EEFBB0-288A-4107-BA7E-E3210372C0C1}.Debug|Any CPU.Build.0 = Debug|Any CPU
		{64EEFBB0-288A-4107-BA7E-E3210372C0C1}.Release|Any CPU.ActiveCfg = Release|Any CPU
		{64EEFBB0-288A-4107-BA7E-E3210372C0C1}.Release|Any CPU.Build.0 = Release|Any CPU
	EndGlobalSection
	GlobalSection(SolutionProperties) = preSolution
		HideSolutionNode = FALSE
	EndGlobalSection
	GlobalSection(ExtensibilityGlobals) = postSolution
		SolutionGuid = {16F369DB-D57C-410A-BC46-A7D6D217187B}
	EndGlobalSection
EndGlobal
